
Microsoft Visual Studio Solution File, Format Version 12.00
# Visual Studio Version 17
VisualStudioVersion = 17.4.33213.308
MinimumVisualStudioVersion = 10.0.40219.1
Project("{9A19103F-16F7-4668-BE54-9A1E7A4F7556}") = "HttpClientApp", "src\HttpClientApp\HttpClientApp.csproj", "{F9468DA3-4E85-4D8E-B7DF-9DD6C6576EE8}"
EndProject
Project("{FAE04EC0-301F-11D3-BF4B-00C04F79EFBC}") = "HttpClientLib", "src\HttpClientLib\HttpClientLib.csproj", "{8A012B03-1272-4EB1-B948-2B2595315239}"
EndProject
Global
	GlobalSection(SolutionConfigurationPlatforms) = preSolution
		Debug|Any CPU = Debug|Any CPU
		Release|Any CPU = Release|Any CPU
	EndGlobalSection
	GlobalSection(ProjectConfigurationPlatforms) = postSolution
		{F9468DA3-4E85-4D8E-B7DF-9DD6C6576EE8}.Debug|Any CPU.ActiveCfg = Debug|Any CPU
		{F9468DA3-4E85-4D8E-B7DF-9DD6C6576EE8}.Debug|Any CPU.Build.0 = Debug|Any CPU
		{F9468DA3-4E85-4D8E-B7DF-9DD6C6576EE8}.Release|Any CPU.ActiveCfg = Release|Any CPU
		{F9468DA3-4E85-4D8E-B7DF-9DD6C6576EE8}.Release|Any CPU.Build.0 = Release|Any CPU
		{8A012B03-1272-4EB1-B948-2B2595315239}.Debug|Any CPU.ActiveCfg = Debug|Any CPU
		{8A012B03-1272-4EB1-B948-2B2595315239}.Debug|Any CPU.Build.0 = Debug|Any CPU
		{8A012B03-1272-4EB1-B948-2B2595315239}.Release|Any CPU.ActiveCfg = Release|Any CPU
		{8A012B03-1272-4EB1-B948-2B2595315239}.Release|Any CPU.Build.0 = Release|Any CPU
	EndGlobalSection
	GlobalSection(SolutionProperties) = preSolution
		HideSolutionNode = FALSE
	EndGlobalSection
	GlobalSection(ExtensibilityGlobals) = postSolution
		SolutionGuid = {D3D86E9D-C3D7-4187-8D11-A207A12C58FC}
	EndGlobalSection
EndGlobal
